
Microsoft Visual Studio Solution File, Format Version 12.00
# Visual Studio Version 18
VisualStudioVersion = 18.9.12120.119
MinimumVisualStudioVersion = 10.0.40219.1
Project("{FAE04EC0-301F-11D3-BF4B-00C04F79EFBC}") = "HelloWorld", "HelloWorld\HelloWorld.csproj", "{63F2B11C-657F-4C69-B682-BA425400DC2B}"
EndProject
Project("{FAE04EC0-301F-11D3-BF4B-00C04F79EFBC}") = "Aufgabe1_Addierer", "Aufgabe1_Addierer\Aufgabe1_Addierer.csproj", "{8541057A-1E2B-4E51-8596-04383BE5908F}"
EndProject
Project("{FAE04EC0-301F-11D3-BF4B-00C04F79EFBC}") = "Aufgabe2_AnzahlSekundenEinesMonats", "Aufgabe2_AnzahlSekundenEinesMonats\Aufgabe2_AnzahlSekundenEinesMonats.csproj", "{68112024-256A-4A46-9758-2662724C655A}"
EndProject
Project("{FAE04EC0-301F-11D3-BF4B-00C04F79EFBC}") = "Aufgabe3_FlussdiagrammImplementieren(1)", "Aufgabe3_FlussdiagrammImplementieren(1)\Aufgabe3_FlussdiagrammImplementieren(1).csproj", "{0939BCE1-A708-4149-BDCE-458778574268}"
EndProject
Project("{FAE04EC0-301F-11D3-BF4B-00C04F79EFBC}") = "Aufgabe4_Monatsnamen", "Aufgabe4_Monatsnamen\Aufgabe4_Monatsnamen.csproj", "{DE3D977F-9F38-4DDA-8081-EE905E7781BF}"
EndProject
Project("{FAE04EC0-301F-11D3-BF4B-00C04F79EFBC}") = "Aufgabe5_FlussdiagrammImplementieren(2)", "Aufgabe5_FlussdiagrammImplementieren(2)\Aufgabe5_FlussdiagrammImplementieren(2).csproj", "{89F2AD4C-4793-488B-B8AF-63B3E810AF14}"
EndProject
Project("{FAE04EC0-301F-11D3-BF4B-00C04F79EFBC}") = "Aufgabe6_Kleines1x1", "Aufgabe6_Kleines1x1\Aufgabe6_Kleines1x1.csproj", "{C085957D-D46E-4AD1-B31D-B9652C2FB774}"
EndProject
Project("{FAE04EC0-301F-11D3-BF4B-00C04F79EFBC}") = "Aufgabe7_Durch3Odr5TeilbareZahlen", "Aufgabe7_Durch3Odr5TeilbareZahlen\Aufgabe7_Durch3Odr5TeilbareZahlen.csproj", "{77C78F83-AA29-4627-A869-74BD8C437440}"
EndProject
Project("{FAE04EC0-301F-11D3-BF4B-00C04F79EFBC}") = "Aufgabe8_VerboteneWörter", "Aufgabe8_VerboteneWörter\Aufgabe8_VerboteneWörter.csproj", "{ECD32505-24D5-4296-9E89-89B86F4F047B}"
EndProject
Project("{FAE04EC0-301F-11D3-BF4B-00C04F79EFBC}") = "Aufgabe9_EineGanzzahlBinärDarstellen", "Aufgabe9_EineGanzzahlBinärDarstellen\Aufgabe9_EineGanzzahlBinärDarstellen.csproj", "{3F7FE66A-2110-4B7E-BC08-2D37D0BC5A22}"
EndProject
Project("{FAE04EC0-301F-11D3-BF4B-00C04F79EFBC}") = "Aufgabe10_QuersummeBerechnen", "Aufgabe10_QuersummeBerechnen\Aufgabe10_QuersummeBerechnen.csproj", "{F259D5E7-35DF-453E-80B5-56026DD7BB1C}"
EndProject
Project("{FAE04EC0-301F-11D3-BF4B-00C04F79EFBC}") = "Aufgabe11_DurchQuersummeTeilbareZahlen", "Aufgabe11_DurchQuersummeTeilbareZahlen\Aufgabe11_DurchQuersummeTeilbareZahlen.csproj", "{2ED11C3D-FF3C-41AF-959C-B417830041B6}"
EndProject
Project("{FAE04EC0-301F-11D3-BF4B-00C04F79EFBC}") = "Aufgabe12_Aufsummieren", "Aufgabe12_Aufsummieren\Aufgabe12_Aufsummieren.csproj", "{182B436C-BAC3-4C64-AAEC-916DABB05FE1}"
EndProject
Project("{FAE04EC0-301F-11D3-BF4B-00C04F79EFBC}") = "Aufgabe13_EineDiagonaleLinieZeichnen", "Aufgabe13_EineDiagonaleLinieZeichnen\Aufgabe13_EineDiagonaleLinieZeichnen.csproj", "{781ED11D-53D6-4213-9BAC-31521A4B8768}"
EndProject
Project("{FAE04EC0-301F-11D3-BF4B-00C04F79EFBC}") = "Aufgabe14_Schaltjahr", "Aufgabe14_Schaltjahr\Aufgabe14_Schaltjahr.csproj", "{345F35C4-6533-4E7F-871D-73A052B473DA}"
EndProject
Project("{FAE04EC0-301F-11D3-BF4B-00C04F79EFBC}") = "Aufgaben15_TannenbaumZeichnen", "Aufgaben15_TannenbaumZeichnen\Aufgaben15_TannenbaumZeichnen.csproj", "{1411A7C6-76C8-453C-ABDE-92901B36019A}"
EndProject
Project("{FAE04EC0-301F-11D3-BF4B-00C04F79EFBC}") = "Aufgabe16_ZahlenRaten", "Aufgabe16_ZahlenRaten\Aufgabe16_ZahlenRaten.csproj", "{4E01BA6C-FC0F-45C2-BA8B-E20E07AC5D27}"
EndProject
Project("{FAE04EC0-301F-11D3-BF4B-00C04F79EFBC}") = "Aufgabe17_ArraySortieren", "Aufgabe17_ArraySortieren\Aufgabe17_ArraySortieren.csproj", "{C71C13BE-A1B7-491D-AA64-FD8708D042F6}"
EndProject
Project("{FAE04EC0-301F-11D3-BF4B-00C04F79EFBC}") = "Aufgabe18_AlterBerechnen", "Aufgabe18_AlterBerechnen\Aufgabe18_AlterBerechnen.csproj", "{44C85B2B-B8A2-4DFD-8715-4594C4BD22FE}"
EndProject
Global
	GlobalSection(SolutionConfigurationPlatforms) = preSolution
		Debug|Any CPU = Debug|Any CPU
		Release|Any CPU = Release|Any CPU
	EndGlobalSection
	GlobalSection(ProjectConfigurationPlatforms) = postSolution
		{63F2B11C-657F-4C69-B682-BA425400DC2B}.Debug|Any CPU.ActiveCfg = Debug|Any CPU
		{63F2B11C-657F-4C69-B682-BA425400DC2B}.Debug|Any CPU.Build.0 = Debug|Any CPU
		{63F2B11C-657F-4C69-B682-BA425400DC2B}.Release|Any CPU.ActiveCfg = Release|Any CPU
		{63F2B11C-657F-4C69-B682-BA425400DC2B}.Release|Any CPU.Build.0 = Release|Any CPU
		{8541057A-1E2B-4E51-8596-04383BE5908F}.Debug|Any CPU.ActiveCfg = Debug|Any CPU
		{8541057A-1E2B-4E51-8596-04383BE5908F}.Debug|Any CPU.Build.0 = Debug|Any CPU
		{8541057A-1E2B-4E51-8596-04383BE5908F}.Release|Any CPU.ActiveCfg = Release|Any CPU
		{8541057A-1E2B-4E51-8596-04383BE5908F}.Release|Any CPU.Build.0 = Release|Any CPU
		{68112024-256A-4A46-9758-2662724C655A}.Debug|Any CPU.ActiveCfg = Debug|Any CPU
		{68112024-256A-4A46-9758-2662724C655A}.Debug|Any CPU.Build.0 = Debug|Any CPU
		{68112024-256A-4A46-9758-2662724C655A}.Release|Any CPU.ActiveCfg = Release|Any CPU
		{68112024-256A-4A46-9758-2662724C655A}.Release|Any CPU.Build.0 = Release|Any CPU
		{0939BCE1-A708-4149-BDCE-458778574268}.Debug|Any CPU.ActiveCfg = Debug|Any CPU
		{0939BCE1-A708-4149-BDCE-458778574268}.Debug|Any CPU.Build.0 = Debug|Any CPU
		{0939BCE1-A708-4149-BDCE-458778574268}.Release|Any CPU.ActiveCfg = Release|Any CPU
		{0939BCE1-A708-4149-BDCE-458778574268}.Release|Any CPU.Build.0 = Release|Any CPU
		{DE3D977F-9F38-4DDA-8081-EE905E7781BF}.Debug|Any CPU.ActiveCfg = Debug|Any CPU
		{DE3D977F-9F38-4DDA-8081-EE905E7781BF}.Debug|Any CPU.Build.0 = Debug|Any CPU
		{DE3D977F-9F38-4DDA-8081-EE905E7781BF}.Release|Any CPU.ActiveCfg = Release|Any CPU
		{DE3D977F-9F38-4DDA-8081-EE905E7781BF}.Release|Any CPU.Build.0 = Release|Any CPU
		{89F2AD4C-4793-488B-B8AF-63B3E810AF14}.Debug|Any CPU.ActiveCfg = Debug|Any CPU
		{89F2AD4C-4793-488B-B8AF-63B3E810AF14}.Debug|Any CPU.Build.0 = Debug|Any CPU
		{89F2AD4C-4793-488B-B8AF-63B3E810AF14}.Release|Any CPU.ActiveCfg = Release|Any CPU
		{89F2AD4C-4793-488B-B8AF-63B3E810AF14}.Release|Any CPU.Build.0 = Release|Any CPU
		{C085957D-D46E-4AD1-B31D-B9652C2FB774}.Debug|Any CPU.ActiveCfg = Debug|Any CPU
		{C085957D-D46E-4AD1-B31D-B9652C2FB774}.Debug|Any CPU.Build.0 = Debug|Any CPU
		{C085957D-D46E-4AD1-B31D-B9652C2FB774}.Release|Any CPU.ActiveCfg = Release|Any CPU
		{C085957D-D46E-4AD1-B31D-B9652C2FB774}.Release|Any CPU.Build.0 = Release|Any CPU
		{77C78F83-AA29-4627-A869-74BD8C437440}.Debug|Any CPU.ActiveCfg = Debug|Any CPU
		{77C78F83-AA29-4627-A869-74BD8C437440}.Debug|Any CPU.Build.0 = Debug|Any CPU
		{77C78F83-AA29-4627-A869-74BD8C437440}.Release|Any CPU.ActiveCfg = Release|Any CPU
		{77C78F83-AA29-4627-A869-74BD8C437440}.Release|Any CPU.Build.0 = Release|Any CPU
		{ECD32505-24D5-4296-9E89-89B86F4F047B}.Debug|Any CPU.ActiveCfg = Debug|Any CPU
		{ECD32505-24D5-4296-9E89-89B86F4F047B}.Debug|Any CPU.Build.0 = Debug|Any CPU
		{ECD32505-24D5-4296-9E89-89B86F4F047B}.Release|Any CPU.ActiveCfg = Release|Any CPU
		{ECD32505-24D5-4296-9E89-89B86F4F047B}.Release|Any CPU.Build.0 = Release|Any CPU
		{3F7FE66A-2110-4B7E-BC08-2D37D0BC5A22}.Debug|Any CPU.ActiveCfg = Debug|Any CPU
		{3F7FE66A-2110-4B7E-BC08-2D37D0BC5A22}.Debug|Any CPU.Build.0 = Debug|Any CPU
		{3F7FE66A-2110-4B7E-BC08-2D37D0BC5A22}.Release|Any CPU.ActiveCfg = Release|Any CPU
		{3F7FE66A-2110-4B7E-BC08-2D37D0BC5A22}.Release|Any CPU.Build.0 = Release|Any CPU
		{F259D5E7-35DF-453E-80B5-56026DD7BB1C}.Debug|Any CPU.ActiveCfg = Debug|Any CPU
		{F259D5E7-35DF-453E-80B5-56026DD7BB1C}.Debug|Any CPU.Build.0 = Debug|Any CPU
		{F259D5E7-35DF-453E-80B5-56026DD7BB1C}.Release|Any CPU.ActiveCfg = Release|Any CPU
		{F259D5E7-35DF-453E-80B5-56026DD7BB1C}.Release|Any CPU.Build.0 = Release|Any CPU
		{2ED11C3D-FF3C-41AF-959C-B417830041B6}.Debug|Any CPU.ActiveCfg = Debug|Any CPU
		{2ED11C3D-FF3C-41AF-959C-B417830041B6}.Debug|Any CPU.Build.0 = Debug|Any CPU
		{2ED11C3D-FF3C-41AF-959C-B417830041B6}.Release|Any CPU.ActiveCfg = Release|Any CPU
		{2ED11C3D-FF3C-41AF-959C-B417830041B6}.Release|Any CPU.Build.0 = Release|Any CPU
		{182B436C-BAC3-4C64-AAEC-916DABB05FE1}.Debug|Any CPU.ActiveCfg = Debug|Any CPU
		{182B436C-BAC3-4C64-AAEC-916DABB05FE1}.Debug|Any CPU.Build.0 = Debug|Any CPU
		{182B436C-BAC3-4C64-AAEC-916DABB05FE1}.Release|Any CPU.ActiveCfg = Release|Any CPU
		{182B436C-BAC3-4C64-AAEC-916DABB05FE1}.Release|Any CPU.Build.0 = Release|Any CPU
		{781ED11D-53D6-4213-9BAC-31521A4B8768}.Debug|Any CPU.ActiveCfg = Debug|Any CPU
		{781ED11D-53D6-4213-9BAC-31521A4B8768}.Debug|Any CPU.Build.0 = Debug|Any CPU
		{781ED11D-53D6-4213-9BAC-31521A4B8768}.Release|Any CPU.ActiveCfg = Release|Any CPU
		{781ED11D-53D6-4213-9BAC-31521A4B8768}.Release|Any CPU.Build.0 = Release|Any CPU
		{345F35C4-6533-4E7F-871D-73A052B473DA}.Debug|Any CPU.ActiveCfg = Debug|Any CPU
		{345F35C4-6533-4E7F-871D-73A052B473DA}.Debug|Any CPU.Build.0 = Debug|Any CPU
		{345F35C4-6533-4E7F-871D-73A052B473DA}.Release|Any CPU.ActiveCfg = Release|Any CPU
		{345F35C4-6533-4E7F-871D-73A052B473DA}.Release|Any CPU.Build.0 = Release|Any CPU
		{1411A7C6-76C8-453C-ABDE-92901B36019A}.Debug|Any CPU.ActiveCfg = Debug|Any CPU
		{1411A7C6-76C8-453C-ABDE-92901B36019A}.Debug|Any CPU.Build.0 = Debug|Any CPU
		{1411A7C6-76C8-453C-ABDE-92901B36019A}.Release|Any CPU.ActiveCfg = Release|Any CPU
		{1411A7C6-76C8-453C-ABDE-92901B36019A}.Release|Any CPU.Build.0 = Release|Any CPU
		{4E01BA6C-FC0F-45C2-BA8B-E20E07AC5D27}.Debug|Any CPU.ActiveCfg = Debug|Any CPU
		{4E01BA6C-FC0F-45C2-BA8B-E20E07AC5D27}.Debug|Any CPU.Build.0 = Debug|Any CPU
		{4E01BA6C-FC0F-45C2-BA8B-E20E07AC5D27}.Release|Any CPU.ActiveCfg = Release|Any CPU
		{4E01BA6C-FC0F-45C2-BA8B-E20E07AC5D27}.Release|Any CPU.Build.0 = Release|Any CPU
		{C71C13BE-A1B7-491D-AA64-FD8708D042F6}.Debug|Any CPU.ActiveCfg = Debug|Any CPU
		{C71C13BE-A1B7-491D-AA64-FD8708D042F6}.Debug|Any CPU.Build.0 = Debug|Any CPU
		{C71C13BE-A1B7-491D-AA64-FD8708D042F6}.Release|Any CPU.ActiveCfg = Release|Any CPU
		{C71C13BE-A1B7-491D-AA64-FD8708D042F6}.Release|Any CPU.Build.0 = Release|Any CPU
		{44C85B2B-B8A2-4DFD-8715-4594C4BD22FE}.Debug|Any CPU.ActiveCfg = Debug|Any CPU
		{44C85B2B-B8A2-4DFD-8715-4594C4BD22FE}.Debug|Any CPU.Build.0 = Debug|Any CPU
		{44C85B2B-B8A2-4DFD-8715-4594C4BD22FE}.Release|Any CPU.ActiveCfg = Release|Any CPU
		{44C85B2B-B8A2-4DFD-8715-4594C4BD22FE}.Release|Any CPU.Build.0 = Release|Any CPU
	EndGlobalSection
	GlobalSection(SolutionProperties) = preSolution
		HideSolutionNode = FALSE
	EndGlobalSection
	GlobalSection(ExtensibilityGlobals) = postSolution
		SolutionGuid = {3FAF729E-8245-415F-A066-A758132E98AC}
	EndGlobalSection
EndGlobal
